
Microsoft Visual Studio Solution File, Format Version 12.00
# Visual Studio Version 17
VisualStudioVersion = 17.10.34916.146
MinimumVisualStudioVersion = 10.0.40219.1
Project("{9A19103F-16F7-4668-BE54-9A1E7A4F7556}") = "MarketPlace.Web", "MarketPlace.Web\MarketPlace.Web.csproj", "{0A25C28D-3620-4003-A4CE-CF48EE229A8C}"
EndProject
Project("{9A19103F-16F7-4668-BE54-9A1E7A4F7556}") = "MarketPlace.Domain", "MarketPlace.Domain\MarketPlace.Domain.csproj", "{1A059532-E168-447B-968F-D5781639C209}"
EndProject
Project("{9A19103F-16F7-4668-BE54-9A1E7A4F7556}") = "MarketPlace.Application", "MarketPlace.Application\MarketPlace.Application.csproj", "{111B028E-5CF7-4B28-AFF5-72FC806FC5BB}"
EndProject
Project("{9A19103F-16F7-4668-BE54-9A1E7A4F7556}") = "MarketPlace.Infrastructure", "MarketPlace.Infrastructure\MarketPlace.Infrastructure.csproj", "{A43FB74F-8241-41BC-B042-6EE01EA95339}"
EndProject
Global
	GlobalSection(SolutionConfigurationPlatforms) = preSolution
		Debug|Any CPU = Debug|Any CPU
		Release|Any CPU = Release|Any CPU
	EndGlobalSection
	GlobalSection(ProjectConfigurationPlatforms) = postSolution
		{0A25C28D-3620-4003-A4CE-CF48EE229A8C}.Debug|Any CPU.ActiveCfg = Debug|Any CPU
		{0A25C28D-3620-4003-A4CE-CF48EE229A8C}.Debug|Any CPU.Build.0 = Debug|Any CPU
		{0A25C28D-3620-4003-A4CE-CF48EE229A8C}.Release|Any CPU.ActiveCfg = Release|Any CPU
		{0A25C28D-3620-4003-A4CE-CF48EE229A8C}.Release|Any CPU.Build.0 = Release|Any CPU
		{1A059532-E168-447B-968F-D5781639C209}.Debug|Any CPU.ActiveCfg = Debug|Any CPU
		{1A059532-E168-447B-968F-D5781639C209}.Debug|Any CPU.Build.0 = Debug|Any CPU
		{1A059532-E168-447B-968F-D5781639C209}.Release|Any CPU.ActiveCfg = Release|Any CPU
		{1A059532-E168-447B-968F-D5781639C209}.Release|Any CPU.Build.0 = Release|Any CPU
		{111B028E-5CF7-4B28-AFF5-72FC806FC5BB}.Debug|Any CPU.ActiveCfg = Debug|Any CPU
		{111B028E-5CF7-4B28-AFF5-72FC806FC5BB}.Debug|Any CPU.Build.0 = Debug|Any CPU
		{111B028E-5CF7-4B28-AFF5-72FC806FC5BB}.Release|Any CPU.ActiveCfg = Release|Any CPU
		{111B028E-5CF7-4B28-AFF5-72FC806FC5BB}.Release|Any CPU.Build.0 = Release|Any CPU
		{A43FB74F-8241-41BC-B042-6EE01EA95339}.Debug|Any CPU.ActiveCfg = Debug|Any CPU
		{A43FB74F-8241-41BC-B042-6EE01EA95339}.Debug|Any CPU.Build.0 = Debug|Any CPU
		{A43FB74F-8241-41BC-B042-6EE01EA95339}.Release|Any CPU.ActiveCfg = Release|Any CPU
		{A43FB74F-8241-41BC-B042-6EE01EA95339}.Release|Any CPU.Build.0 = Release|Any CPU
	EndGlobalSection
	GlobalSection(SolutionProperties) = preSolution
		HideSolutionNode = FALSE
	EndGlobalSection
	GlobalSection(ExtensibilityGlobals) = postSolution
		SolutionGuid = {A9BE9A4C-5147-4B51-AFF9-92D1ACD7130F}
	EndGlobalSection
EndGlobal
